<?xml version="1.0" encoding="utf-8"?>
<Project ToolsVersion="4.0" xmlns="http://schemas.microsoft.com/developer/msbuild/2003">
  <ItemGroup>
    <Filter Include="Source Files">
      <UniqueIdentifier>{4FC737F1-C7A5-4376-A066-2A32D752A2FF}</UniqueIdentifier>
      <Extensions>cpp;c;cc;cxx;def;odl;idl;hpj;bat;asm;asmx</Extensions>
    </Filter>
    <Filter Include="Header Files">
      <UniqueIdentifier>{93995380-89BD-4b04-88EB-625FBE52EBFB}</UniqueIdentifier>
      <Extensions>h;hh;hpp;hxx;hm;inl;inc;ipp;xsd</Extensions>
    </Filter>
    <Filter Include="Resource Files">
      <UniqueIdentifier>{67DA6AB6-F800-4c08-8B7A-83BB121AAD01}</UniqueIdentifier>
      <Extensions>rc;ico;cur;bmp;dlg;rc2;rct;bin;rgs;gif;jpg;jpeg;jpe;resx;tiff;tif;png;wav;mfcribbon-ms</Extensions>
    </Filter>
    <Filter Include="Source Files\Testing">
      <UniqueIdentifier>{90e9f199-4bac-4a7c-bd2c-0616b5158b0c}</UniqueIdentifier>
    </Filter>
    <Filter Include="Header Files\Testing">
      <UniqueIdentifier>{f6e58c19-d145-4120-b3b1-a1c00d524296}</UniqueIdentifier>
    </Filter>
    <Filter Include="Header Files\MockNC">
      <UniqueIdentifier>{6bb72997-4bf6-4833-b223-62f74bf6defd}</UniqueIdentifier>
    </Filter>
    <Filter Include="Source Files\Testing\MockNC">
      <UniqueIdentifier>{62584272-e740-467d-bfed-aa4bbecc108b}</UniqueIdentifier>
    </Filter>
  </ItemGroup>
  <ItemGroup>
    <ClInclude Include="Foo.h">
      <Filter>Header Files</Filter>
    </ClInclude>
    <ClInclude Include="Bar.h">
      <Filter>Header Files\Testing</Filter>
    </ClInclude>
    <ClInclude Include="..\..\MockNC\MockNC.h">
      <Filter>Header Files\MockNC</Filter>
    </ClInclude>
  </ItemGroup>
  <ItemGroup>
    <ClCompile Include="Foo.c">
      <Filter>Source Files</Filter>
    </ClCompile>
    <ClCompile Include="Main.c">
      <Filter>Source Files</Filter>
    </ClCompile>
    <ClCompile Include="TestMain.c">
      <Filter>Source Files\Testing</Filter>
    </ClCompile>
    <ClCompile Include="Bar.c">
      <Filter>Source Files\Testing</Filter>
    </ClCompile>
    <ClCompile Include="..\..\MockNC\MockNC.c">
      <Filter>Source Files\Testing\MockNC</Filter>
    </ClCompile>
  </ItemGroup>
</Project>